
Microsoft Visual Studio Solution File, Format Version 12.00
# Visual Studio Version 16
VisualStudioVersion = 16.0.30611.23
MinimumVisualStudioVersion = 10.0.40219.1
Project("{FAE04EC0-301F-11D3-BF4B-00C04F79EFBC}") = "DU - String", "DU - String\DU - String.csproj", "{1471EE52-E936-4BA4-8C6C-9520CA8D4756}"
EndProject
Global
	GlobalSection(SolutionConfigurationPlatforms) = preSolution
		Debug|Any CPU = Debug|Any CPU
		Release|Any CPU = Release|Any CPU
	EndGlobalSection
	GlobalSection(ProjectConfigurationPlatforms) = postSolution
		{1471EE52-E936-4BA4-8C6C-9520CA8D4756}.Debug|Any CPU.ActiveCfg = Debug|Any CPU
		{1471EE52-E936-4BA4-8C6C-9520CA8D4756}.Debug|Any CPU.Build.0 = Debug|Any CPU
		{1471EE52-E936-4BA4-8C6C-9520CA8D4756}.Release|Any CPU.ActiveCfg = Release|Any CPU
		{1471EE52-E936-4BA4-8C6C-9520CA8D4756}.Release|Any CPU.Build.0 = Release|Any CPU
	EndGlobalSection
	GlobalSection(SolutionProperties) = preSolution
		HideSolutionNode = FALSE
	EndGlobalSection
	GlobalSection(ExtensibilityGlobals) = postSolution
		SolutionGuid = {96D25E81-3243-40D9-A19E-E11196056357}
	EndGlobalSection
EndGlobal
